
Microsoft Visual Studio Solution File, Format Version 12.00
# 17
VisualStudioVersion = 17.7.33711.374
MinimumVisualStudioVersion = 10.0.40219.1
Project("{2150E333-8FDC-42A3-9474-1A3956D46DE8}") = "Solution Items", "Solution Items", "{727B20C8-E0DC-45F9-B03A-C1F02DC886D5}"
	ProjectSection(SolutionItems) = preProject
		.editorconfig = .editorconfig
		.github\dependabot.yml = .github\dependabot.yml
		Directory.Build.props = Directory.Build.props
		.github\workflows\main_world-explorer_client.yml = .github\workflows\main_world-explorer_client.yml
		.github\workflows\main_world-explorer_webapp.yml = .github\workflows\main_world-explorer_webapp.yml
		README.md = README.md
	EndProjectSection
EndProject
Project("{2150E333-8FDC-42A3-9474-1A3956D46DE8}") = "tests", "tests", "{C543A161-E288-4BE4-BEB7-3F584632BC29}"
EndProject
Project("{9A19103F-16F7-4668-BE54-9A1E7A4F7556}") = "WorldExplorer.Tests", "tests\WorldExplorer.Tests\WorldExplorer.Tests.csproj", "{FF911CBB-872E-4F85-87F8-C5C1644E4792}"
EndProject
Project("{9A19103F-16F7-4668-BE54-9A1E7A4F7556}") = "WebAppTests", "tests\WebAppTests\WebAppTests.csproj", "{881DB0D0-CFAC-45ED-A61C-5D8AD7170B78}"
EndProject
Project("{2150E333-8FDC-42A3-9474-1A3956D46DE8}") = "src", "src", "{62D6A6E7-6309-4191-8C55-FF8A4B1F23F3}"
EndProject
Project("{2150E333-8FDC-42A3-9474-1A3956D46DE8}") = "Web", "Web", "{0D8B53C1-6574-4FA6-89BF-6FDB88C1D263}"
EndProject
Project("{9A19103F-16F7-4668-BE54-9A1E7A4F7556}") = "WorldExplorer.Web", "src\Web\WorldExplorer.Web\WorldExplorer.Web.csproj", "{74512EAA-9D16-4497-A5C9-7AD1FFD6102C}"
EndProject
Project("{9A19103F-16F7-4668-BE54-9A1E7A4F7556}") = "WorldExplorer.ServiceDefaults", "src\Web\WorldExplorer.ServiceDefaults\WorldExplorer.ServiceDefaults.csproj", "{3A136EF7-7064-4A96-9BC2-75AC2B5E3EFD}"
EndProject
Project("{9A19103F-16F7-4668-BE54-9A1E7A4F7556}") = "WorldExplorer.AppHost", "src\Web\WorldExplorer.AppHost\WorldExplorer.AppHost.csproj", "{87FC12B8-4D01-4125-895D-D4E77455D09F}"
EndProject
Project("{9A19103F-16F7-4668-BE54-9A1E7A4F7556}") = "WorldExplorer.ApiService", "src\Web\WorldExplorer.ApiService\WorldExplorer.ApiService.csproj", "{4A141F5E-BC77-410E-A91A-CC69940DDB45}"
EndProject
Project("{9A19103F-16F7-4668-BE54-9A1E7A4F7556}") = "WebApp", "src\Web\WebApp\WebApp.csproj", "{33784684-98F5-46B4-98BA-BCD8474A7ABA}"
EndProject
Project("{9A19103F-16F7-4668-BE54-9A1E7A4F7556}") = "Shared", "src\Shared\Shared.csproj", "{9CC964A7-DFAE-4092-8AD0-06F8EF342CC1}"
EndProject
Project("{2150E333-8FDC-42A3-9474-1A3956D46DE8}") = "Modules", "Modules", "{EB5EDB93-E22B-49BD-8014-7531587B29E2}"
EndProject
Project("{2150E333-8FDC-42A3-9474-1A3956D46DE8}") = "Users", "Users", "{AB0515CC-8D3D-435E-90F4-20657E6D3D9C}"
EndProject
Project("{9A19103F-16F7-4668-BE54-9A1E7A4F7556}") = "WorldExplorer.Modules.Users.UnitTests", "src\Modules\Users\WorldExplorer.Modules.Users.UnitTests\WorldExplorer.Modules.Users.UnitTests.csproj", "{E8332023-1C18-4803-B762-3632EB81F414}"
EndProject
Project("{9A19103F-16F7-4668-BE54-9A1E7A4F7556}") = "WorldExplorer.Modules.Users.Presentation", "src\Modules\Users\WorldExplorer.Modules.Users.Presentation\WorldExplorer.Modules.Users.Presentation.csproj", "{1AAE26D0-5E61-421E-92A6-C10E8F800FEC}"
EndProject
Project("{9A19103F-16F7-4668-BE54-9A1E7A4F7556}") = "WorldExplorer.Modules.Users.IntegrationTests", "src\Modules\Users\WorldExplorer.Modules.Users.IntegrationTests\WorldExplorer.Modules.Users.IntegrationTests.csproj", "{5F3E96BC-F851-4911-8D38-0384F2CC53C1}"
EndProject
Project("{9A19103F-16F7-4668-BE54-9A1E7A4F7556}") = "WorldExplorer.Modules.Users.IntegrationEvents", "src\Modules\Users\WorldExplorer.Modules.Users.IntegrationEvents\WorldExplorer.Modules.Users.IntegrationEvents.csproj", "{6D077B32-FED8-4549-B7E7-4AD65DA4C9C7}"
EndProject
Project("{9A19103F-16F7-4668-BE54-9A1E7A4F7556}") = "WorldExplorer.Modules.Users.Infrastructure", "src\Modules\Users\WorldExplorer.Modules.Users.Infrastructure\WorldExplorer.Modules.Users.Infrastructure.csproj", "{81C1DA48-C402-4F1C-9D1F-E2154D9795F9}"
EndProject
Project("{9A19103F-16F7-4668-BE54-9A1E7A4F7556}") = "WorldExplorer.Modules.Users.Domain", "src\Modules\Users\WorldExplorer.Modules.Users.Domain\WorldExplorer.Modules.Users.Domain.csproj", "{31602CB5-1D85-48BF-B79A-8006A857C681}"
EndProject
Project("{9A19103F-16F7-4668-BE54-9A1E7A4F7556}") = "WorldExplorer.Modules.Users.ArchitectureTests", "src\Modules\Users\WorldExplorer.Modules.Users.ArchitectureTests\WorldExplorer.Modules.Users.ArchitectureTests.csproj", "{44292860-F499-4F35-A21C-667DC0391171}"
EndProject
Project("{9A19103F-16F7-4668-BE54-9A1E7A4F7556}") = "WorldExplorer.Modules.Users.Application", "src\Modules\Users\WorldExplorer.Modules.Users.Application\WorldExplorer.Modules.Users.Application.csproj", "{EFAD9EBF-E8A9-4009-9050-2779FBC810AA}"
EndProject
Project("{2150E333-8FDC-42A3-9474-1A3956D46DE8}") = "Common", "Common", "{8816E2B8-1EA4-4FE9-AF86-46B78921FE40}"
EndProject
Project("{9A19103F-16F7-4668-BE54-9A1E7A4F7556}") = "WorldExplorer.Common.Presentation", "src\Common\WorldExplorer.Common.Presentation\WorldExplorer.Common.Presentation.csproj", "{715361EB-B333-42BD-B248-097B74C79523}"
EndProject
Project("{9A19103F-16F7-4668-BE54-9A1E7A4F7556}") = "WorldExplorer.Common.Infrastructure", "src\Common\WorldExplorer.Common.Infrastructure\WorldExplorer.Common.Infrastructure.csproj", "{EBDD9347-1F27-46E5-A8B3-77A0B226A38A}"
EndProject
Project("{9A19103F-16F7-4668-BE54-9A1E7A4F7556}") = "WorldExplorer.Common.Domain", "src\Common\WorldExplorer.Common.Domain\WorldExplorer.Common.Domain.csproj", "{89864861-7B64-4EBF-9BC4-B40A00816A2C}"
EndProject
Project("{9A19103F-16F7-4668-BE54-9A1E7A4F7556}") = "WorldExplorer.Common.Application", "src\Common\WorldExplorer.Common.Application\WorldExplorer.Common.Application.csproj", "{CE9367C6-72F5-43CC-8345-60B073A63D64}"
EndProject
Project("{9A19103F-16F7-4668-BE54-9A1E7A4F7556}") = "Client", "src\Client\Client\Client.csproj", "{EF712534-3BE8-4B62-A5D9-188324805FD1}"
EndProject
Project("{2150E333-8FDC-42A3-9474-1A3956D46DE8}") = "Client", "Client", "{9FE720AF-8788-4C28-8C76-4736001FE87E}"
EndProject
Project("{2150E333-8FDC-42A3-9474-1A3956D46DE8}") = "Places", "Places", "{5A429B42-8528-4F34-BD51-7FD2E6779C29}"
EndProject
Project("{9A19103F-16F7-4668-BE54-9A1E7A4F7556}") = "WorldExplorer.Modules.Places.Domain", "src\Modules\Places\WorldExplorer.Modules.Places.Domain\WorldExplorer.Modules.Places.Domain.csproj", "{816CDD7E-6990-4423-B497-63D767CB7809}"
EndProject
Project("{9A19103F-16F7-4668-BE54-9A1E7A4F7556}") = "WorldExplorer.Modules.Places.Infrastructure", "src\Modules\Places\WorldExplorer.Modules.Places.Infrastructure\WorldExplorer.Modules.Places.Infrastructure.csproj", "{889555A0-E74D-40F4-9C7C-D605F089B9D0}"
EndProject
Project("{9A19103F-16F7-4668-BE54-9A1E7A4F7556}") = "WorldExplorer.Modules.Places.Application", "src\Modules\Places\WorldExplorer.Modules.Places.Application\WorldExplorer.Modules.Places.Application.csproj", "{4F45B79F-6020-4A75-A376-F6BE986E147F}"
EndProject
Project("{9A19103F-16F7-4668-BE54-9A1E7A4F7556}") = "WorldExplorer.Modules.Places.Presentation", "src\Modules\Places\WorldExplorer.Modules.Places.Presentation\WorldExplorer.Modules.Places.Presentation.csproj", "{6CCD2AA2-C221-4155-8866-46D9464928CE}"
EndProject
Project("{2150E333-8FDC-42A3-9474-1A3956D46DE8}") = "Travellers", "Travellers", "{CF20E7CE-7302-4B42-9001-AEE2D9C7E7DD}"
EndProject
Project("{FAE04EC0-301F-11D3-BF4B-00C04F79EFBC}") = "WorldExplorer.Modules.Travellers", "src\Modules\Travellers\WorldExplorer.Modules.Travellers\WorldExplorer.Modules.Travellers.csproj", "{943C5366-E11A-4651-9643-1DD8BB0E9EDA}"
EndProject
Global
	GlobalSection(SolutionConfigurationPlatforms) = preSolution
		Debug|Any CPU = Debug|Any CPU
		Release|Any CPU = Release|Any CPU
	EndGlobalSection
	GlobalSection(ProjectConfigurationPlatforms) = postSolution
		{FF911CBB-872E-4F85-87F8-C5C1644E4792}.Debug|Any CPU.ActiveCfg = Debug|Any CPU
		{FF911CBB-872E-4F85-87F8-C5C1644E4792}.Debug|Any CPU.Build.0 = Debug|Any CPU
		{FF911CBB-872E-4F85-87F8-C5C1644E4792}.Release|Any CPU.ActiveCfg = Release|Any CPU
		{FF911CBB-872E-4F85-87F8-C5C1644E4792}.Release|Any CPU.Build.0 = Release|Any CPU
		{881DB0D0-CFAC-45ED-A61C-5D8AD7170B78}.Debug|Any CPU.ActiveCfg = Debug|Any CPU
		{881DB0D0-CFAC-45ED-A61C-5D8AD7170B78}.Debug|Any CPU.Build.0 = Debug|Any CPU
		{881DB0D0-CFAC-45ED-A61C-5D8AD7170B78}.Release|Any CPU.ActiveCfg = Release|Any CPU
		{881DB0D0-CFAC-45ED-A61C-5D8AD7170B78}.Release|Any CPU.Build.0 = Release|Any CPU
		{74512EAA-9D16-4497-A5C9-7AD1FFD6102C}.Debug|Any CPU.ActiveCfg = Debug|Any CPU
		{74512EAA-9D16-4497-A5C9-7AD1FFD6102C}.Debug|Any CPU.Build.0 = Debug|Any CPU
		{74512EAA-9D16-4497-A5C9-7AD1FFD6102C}.Release|Any CPU.ActiveCfg = Release|Any CPU
		{74512EAA-9D16-4497-A5C9-7AD1FFD6102C}.Release|Any CPU.Build.0 = Release|Any CPU
		{3A136EF7-7064-4A96-9BC2-75AC2B5E3EFD}.Debug|Any CPU.ActiveCfg = Debug|Any CPU
		{3A136EF7-7064-4A96-9BC2-75AC2B5E3EFD}.Debug|Any CPU.Build.0 = Debug|Any CPU
		{3A136EF7-7064-4A96-9BC2-75AC2B5E3EFD}.Release|Any CPU.ActiveCfg = Release|Any CPU
		{3A136EF7-7064-4A96-9BC2-75AC2B5E3EFD}.Release|Any CPU.Build.0 = Release|Any CPU
		{87FC12B8-4D01-4125-895D-D4E77455D09F}.Debug|Any CPU.ActiveCfg = Debug|Any CPU
		{87FC12B8-4D01-4125-895D-D4E77455D09F}.Debug|Any CPU.Build.0 = Debug|Any CPU
		{87FC12B8-4D01-4125-895D-D4E77455D09F}.Release|Any CPU.ActiveCfg = Release|Any CPU
		{87FC12B8-4D01-4125-895D-D4E77455D09F}.Release|Any CPU.Build.0 = Release|Any CPU
		{4A141F5E-BC77-410E-A91A-CC69940DDB45}.Debug|Any CPU.ActiveCfg = Debug|Any CPU
		{4A141F5E-BC77-410E-A91A-CC69940DDB45}.Debug|Any CPU.Build.0 = Debug|Any CPU
		{4A141F5E-BC77-410E-A91A-CC69940DDB45}.Release|Any CPU.ActiveCfg = Release|Any CPU
		{4A141F5E-BC77-410E-A91A-CC69940DDB45}.Release|Any CPU.Build.0 = Release|Any CPU
		{33784684-98F5-46B4-98BA-BCD8474A7ABA}.Debug|Any CPU.ActiveCfg = Debug|Any CPU
		{33784684-98F5-46B4-98BA-BCD8474A7ABA}.Debug|Any CPU.Build.0 = Debug|Any CPU
		{33784684-98F5-46B4-98BA-BCD8474A7ABA}.Release|Any CPU.ActiveCfg = Release|Any CPU
		{33784684-98F5-46B4-98BA-BCD8474A7ABA}.Release|Any CPU.Build.0 = Release|Any CPU
		{9CC964A7-DFAE-4092-8AD0-06F8EF342CC1}.Debug|Any CPU.ActiveCfg = Debug|Any CPU
		{9CC964A7-DFAE-4092-8AD0-06F8EF342CC1}.Debug|Any CPU.Build.0 = Debug|Any CPU
		{9CC964A7-DFAE-4092-8AD0-06F8EF342CC1}.Release|Any CPU.ActiveCfg = Release|Any CPU
		{9CC964A7-DFAE-4092-8AD0-06F8EF342CC1}.Release|Any CPU.Build.0 = Release|Any CPU
		{E8332023-1C18-4803-B762-3632EB81F414}.Debug|Any CPU.ActiveCfg = Debug|Any CPU
		{E8332023-1C18-4803-B762-3632EB81F414}.Debug|Any CPU.Build.0 = Debug|Any CPU
		{E8332023-1C18-4803-B762-3632EB81F414}.Release|Any CPU.ActiveCfg = Release|Any CPU
		{E8332023-1C18-4803-B762-3632EB81F414}.Release|Any CPU.Build.0 = Release|Any CPU
		{1AAE26D0-5E61-421E-92A6-C10E8F800FEC}.Debug|Any CPU.ActiveCfg = Debug|Any CPU
		{1AAE26D0-5E61-421E-92A6-C10E8F800FEC}.Debug|Any CPU.Build.0 = Debug|Any CPU
		{1AAE26D0-5E61-421E-92A6-C10E8F800FEC}.Release|Any CPU.ActiveCfg = Release|Any CPU
		{1AAE26D0-5E61-421E-92A6-C10E8F800FEC}.Release|Any CPU.Build.0 = Release|Any CPU
		{5F3E96BC-F851-4911-8D38-0384F2CC53C1}.Debug|Any CPU.ActiveCfg = Debug|Any CPU
		{5F3E96BC-F851-4911-8D38-0384F2CC53C1}.Debug|Any CPU.Build.0 = Debug|Any CPU
		{5F3E96BC-F851-4911-8D38-0384F2CC53C1}.Release|Any CPU.ActiveCfg = Release|Any CPU
		{5F3E96BC-F851-4911-8D38-0384F2CC53C1}.Release|Any CPU.Build.0 = Release|Any CPU
		{6D077B32-FED8-4549-B7E7-4AD65DA4C9C7}.Debug|Any CPU.ActiveCfg = Debug|Any CPU
		{6D077B32-FED8-4549-B7E7-4AD65DA4C9C7}.Debug|Any CPU.Build.0 = Debug|Any CPU
		{6D077B32-FED8-4549-B7E7-4AD65DA4C9C7}.Release|Any CPU.ActiveCfg = Release|Any CPU
		{6D077B32-FED8-4549-B7E7-4AD65DA4C9C7}.Release|Any CPU.Build.0 = Release|Any CPU
		{81C1DA48-C402-4F1C-9D1F-E2154D9795F9}.Debug|Any CPU.ActiveCfg = Debug|Any CPU
		{81C1DA48-C402-4F1C-9D1F-E2154D9795F9}.Debug|Any CPU.Build.0 = Debug|Any CPU
		{81C1DA48-C402-4F1C-9D1F-E2154D9795F9}.Release|Any CPU.ActiveCfg = Release|Any CPU
		{81C1DA48-C402-4F1C-9D1F-E2154D9795F9}.Release|Any CPU.Build.0 = Release|Any CPU
		{31602CB5-1D85-48BF-B79A-8006A857C681}.Debug|Any CPU.ActiveCfg = Debug|Any CPU
		{31602CB5-1D85-48BF-B79A-8006A857C681}.Debug|Any CPU.Build.0 = Debug|Any CPU
		{31602CB5-1D85-48BF-B79A-8006A857C681}.Release|Any CPU.ActiveCfg = Release|Any CPU
		{31602CB5-1D85-48BF-B79A-8006A857C681}.Release|Any CPU.Build.0 = Release|Any CPU
		{44292860-F499-4F35-A21C-667DC0391171}.Debug|Any CPU.ActiveCfg = Debug|Any CPU
		{44292860-F499-4F35-A21C-667DC0391171}.Debug|Any CPU.Build.0 = Debug|Any CPU
		{44292860-F499-4F35-A21C-667DC0391171}.Release|Any CPU.ActiveCfg = Release|Any CPU
		{44292860-F499-4F35-A21C-667DC0391171}.Release|Any CPU.Build.0 = Release|Any CPU
		{EFAD9EBF-E8A9-4009-9050-2779FBC810AA}.Debug|Any CPU.ActiveCfg = Debug|Any CPU
		{EFAD9EBF-E8A9-4009-9050-2779FBC810AA}.Debug|Any CPU.Build.0 = Debug|Any CPU
		{EFAD9EBF-E8A9-4009-9050-2779FBC810AA}.Release|Any CPU.ActiveCfg = Release|Any CPU
		{EFAD9EBF-E8A9-4009-9050-2779FBC810AA}.Release|Any CPU.Build.0 = Release|Any CPU
		{715361EB-B333-42BD-B248-097B74C79523}.Debug|Any CPU.ActiveCfg = Debug|Any CPU
		{715361EB-B333-42BD-B248-097B74C79523}.Debug|Any CPU.Build.0 = Debug|Any CPU
		{715361EB-B333-42BD-B248-097B74C79523}.Release|Any CPU.ActiveCfg = Release|Any CPU
		{715361EB-B333-42BD-B248-097B74C79523}.Release|Any CPU.Build.0 = Release|Any CPU
		{EBDD9347-1F27-46E5-A8B3-77A0B226A38A}.Debug|Any CPU.ActiveCfg = Debug|Any CPU
		{EBDD9347-1F27-46E5-A8B3-77A0B226A38A}.Debug|Any CPU.Build.0 = Debug|Any CPU
		{EBDD9347-1F27-46E5-A8B3-77A0B226A38A}.Release|Any CPU.ActiveCfg = Release|Any CPU
		{EBDD9347-1F27-46E5-A8B3-77A0B226A38A}.Release|Any CPU.Build.0 = Release|Any CPU
		{89864861-7B64-4EBF-9BC4-B40A00816A2C}.Debug|Any CPU.ActiveCfg = Debug|Any CPU
		{89864861-7B64-4EBF-9BC4-B40A00816A2C}.Debug|Any CPU.Build.0 = Debug|Any CPU
		{89864861-7B64-4EBF-9BC4-B40A00816A2C}.Release|Any CPU.ActiveCfg = Release|Any CPU
		{89864861-7B64-4EBF-9BC4-B40A00816A2C}.Release|Any CPU.Build.0 = Release|Any CPU
		{CE9367C6-72F5-43CC-8345-60B073A63D64}.Debug|Any CPU.ActiveCfg = Debug|Any CPU
		{CE9367C6-72F5-43CC-8345-60B073A63D64}.Debug|Any CPU.Build.0 = Debug|Any CPU
		{CE9367C6-72F5-43CC-8345-60B073A63D64}.Release|Any CPU.ActiveCfg = Release|Any CPU
		{CE9367C6-72F5-43CC-8345-60B073A63D64}.Release|Any CPU.Build.0 = Release|Any CPU
		{EF712534-3BE8-4B62-A5D9-188324805FD1}.Debug|Any CPU.ActiveCfg = Debug|Any CPU
		{EF712534-3BE8-4B62-A5D9-188324805FD1}.Debug|Any CPU.Build.0 = Debug|Any CPU
		{EF712534-3BE8-4B62-A5D9-188324805FD1}.Debug|Any CPU.Deploy.0 = Debug|Any CPU
		{EF712534-3BE8-4B62-A5D9-188324805FD1}.Release|Any CPU.ActiveCfg = Release|Any CPU
		{EF712534-3BE8-4B62-A5D9-188324805FD1}.Release|Any CPU.Build.0 = Release|Any CPU
		{EF712534-3BE8-4B62-A5D9-188324805FD1}.Release|Any CPU.Deploy.0 = Release|Any CPU
		{816CDD7E-6990-4423-B497-63D767CB7809}.Debug|Any CPU.ActiveCfg = Debug|Any CPU
		{816CDD7E-6990-4423-B497-63D767CB7809}.Debug|Any CPU.Build.0 = Debug|Any CPU
		{816CDD7E-6990-4423-B497-63D767CB7809}.Release|Any CPU.ActiveCfg = Release|Any CPU
		{816CDD7E-6990-4423-B497-63D767CB7809}.Release|Any CPU.Build.0 = Release|Any CPU
		{889555A0-E74D-40F4-9C7C-D605F089B9D0}.Debug|Any CPU.ActiveCfg = Debug|Any CPU
		{889555A0-E74D-40F4-9C7C-D605F089B9D0}.Debug|Any CPU.Build.0 = Debug|Any CPU
		{889555A0-E74D-40F4-9C7C-D605F089B9D0}.Release|Any CPU.ActiveCfg = Release|Any CPU
		{889555A0-E74D-40F4-9C7C-D605F089B9D0}.Release|Any CPU.Build.0 = Release|Any CPU
		{4F45B79F-6020-4A75-A376-F6BE986E147F}.Debug|Any CPU.ActiveCfg = Debug|Any CPU
		{4F45B79F-6020-4A75-A376-F6BE986E147F}.Debug|Any CPU.Build.0 = Debug|Any CPU
		{4F45B79F-6020-4A75-A376-F6BE986E147F}.Release|Any CPU.ActiveCfg = Release|Any CPU
		{4F45B79F-6020-4A75-A376-F6BE986E147F}.Release|Any CPU.Build.0 = Release|Any CPU
		{6CCD2AA2-C221-4155-8866-46D9464928CE}.Debug|Any CPU.ActiveCfg = Debug|Any CPU
		{6CCD2AA2-C221-4155-8866-46D9464928CE}.Debug|Any CPU.Build.0 = Debug|Any CPU
		{6CCD2AA2-C221-4155-8866-46D9464928CE}.Release|Any CPU.ActiveCfg = Release|Any CPU
		{6CCD2AA2-C221-4155-8866-46D9464928CE}.Release|Any CPU.Build.0 = Release|Any CPU
		{943C5366-E11A-4651-9643-1DD8BB0E9EDA}.Debug|Any CPU.ActiveCfg = Debug|Any CPU
		{943C5366-E11A-4651-9643-1DD8BB0E9EDA}.Debug|Any CPU.Build.0 = Debug|Any CPU
		{943C5366-E11A-4651-9643-1DD8BB0E9EDA}.Release|Any CPU.ActiveCfg = Release|Any CPU
		{943C5366-E11A-4651-9643-1DD8BB0E9EDA}.Release|Any CPU.Build.0 = Release|Any CPU
	EndGlobalSection
	GlobalSection(SolutionProperties) = preSolution
		HideSolutionNode = FALSE
	EndGlobalSection
	GlobalSection(NestedProjects) = preSolution
		{FF911CBB-872E-4F85-87F8-C5C1644E4792} = {C543A161-E288-4BE4-BEB7-3F584632BC29}
		{881DB0D0-CFAC-45ED-A61C-5D8AD7170B78} = {C543A161-E288-4BE4-BEB7-3F584632BC29}
		{0D8B53C1-6574-4FA6-89BF-6FDB88C1D263} = {62D6A6E7-6309-4191-8C55-FF8A4B1F23F3}
		{74512EAA-9D16-4497-A5C9-7AD1FFD6102C} = {0D8B53C1-6574-4FA6-89BF-6FDB88C1D263}
		{3A136EF7-7064-4A96-9BC2-75AC2B5E3EFD} = {0D8B53C1-6574-4FA6-89BF-6FDB88C1D263}
		{87FC12B8-4D01-4125-895D-D4E77455D09F} = {0D8B53C1-6574-4FA6-89BF-6FDB88C1D263}
		{4A141F5E-BC77-410E-A91A-CC69940DDB45} = {0D8B53C1-6574-4FA6-89BF-6FDB88C1D263}
		{33784684-98F5-46B4-98BA-BCD8474A7ABA} = {0D8B53C1-6574-4FA6-89BF-6FDB88C1D263}
		{9CC964A7-DFAE-4092-8AD0-06F8EF342CC1} = {62D6A6E7-6309-4191-8C55-FF8A4B1F23F3}
		{EB5EDB93-E22B-49BD-8014-7531587B29E2} = {62D6A6E7-6309-4191-8C55-FF8A4B1F23F3}
		{AB0515CC-8D3D-435E-90F4-20657E6D3D9C} = {EB5EDB93-E22B-49BD-8014-7531587B29E2}
		{E8332023-1C18-4803-B762-3632EB81F414} = {AB0515CC-8D3D-435E-90F4-20657E6D3D9C}
		{1AAE26D0-5E61-421E-92A6-C10E8F800FEC} = {AB0515CC-8D3D-435E-90F4-20657E6D3D9C}
		{5F3E96BC-F851-4911-8D38-0384F2CC53C1} = {AB0515CC-8D3D-435E-90F4-20657E6D3D9C}
		{6D077B32-FED8-4549-B7E7-4AD65DA4C9C7} = {AB0515CC-8D3D-435E-90F4-20657E6D3D9C}
		{81C1DA48-C402-4F1C-9D1F-E2154D9795F9} = {AB0515CC-8D3D-435E-90F4-20657E6D3D9C}
		{31602CB5-1D85-48BF-B79A-8006A857C681} = {AB0515CC-8D3D-435E-90F4-20657E6D3D9C}
		{44292860-F499-4F35-A21C-667DC0391171} = {AB0515CC-8D3D-435E-90F4-20657E6D3D9C}
		{EFAD9EBF-E8A9-4009-9050-2779FBC810AA} = {AB0515CC-8D3D-435E-90F4-20657E6D3D9C}
		{8816E2B8-1EA4-4FE9-AF86-46B78921FE40} = {62D6A6E7-6309-4191-8C55-FF8A4B1F23F3}
		{715361EB-B333-42BD-B248-097B74C79523} = {8816E2B8-1EA4-4FE9-AF86-46B78921FE40}
		{EBDD9347-1F27-46E5-A8B3-77A0B226A38A} = {8816E2B8-1EA4-4FE9-AF86-46B78921FE40}
		{89864861-7B64-4EBF-9BC4-B40A00816A2C} = {8816E2B8-1EA4-4FE9-AF86-46B78921FE40}
		{CE9367C6-72F5-43CC-8345-60B073A63D64} = {8816E2B8-1EA4-4FE9-AF86-46B78921FE40}
		{EF712534-3BE8-4B62-A5D9-188324805FD1} = {9FE720AF-8788-4C28-8C76-4736001FE87E}
		{9FE720AF-8788-4C28-8C76-4736001FE87E} = {62D6A6E7-6309-4191-8C55-FF8A4B1F23F3}
		{5A429B42-8528-4F34-BD51-7FD2E6779C29} = {EB5EDB93-E22B-49BD-8014-7531587B29E2}
		{816CDD7E-6990-4423-B497-63D767CB7809} = {5A429B42-8528-4F34-BD51-7FD2E6779C29}
		{889555A0-E74D-40F4-9C7C-D605F089B9D0} = {5A429B42-8528-4F34-BD51-7FD2E6779C29}
		{4F45B79F-6020-4A75-A376-F6BE986E147F} = {5A429B42-8528-4F34-BD51-7FD2E6779C29}
		{6CCD2AA2-C221-4155-8866-46D9464928CE} = {5A429B42-8528-4F34-BD51-7FD2E6779C29}
		{CF20E7CE-7302-4B42-9001-AEE2D9C7E7DD} = {EB5EDB93-E22B-49BD-8014-7531587B29E2}
		{943C5366-E11A-4651-9643-1DD8BB0E9EDA} = {CF20E7CE-7302-4B42-9001-AEE2D9C7E7DD}
	EndGlobalSection
	GlobalSection(ExtensibilityGlobals) = postSolution
		SolutionGuid = {13BDE4A2-81B8-494D-B82D-60780D2AB107}
	EndGlobalSection
EndGlobal
